{
  "R": {
    "Version": "4.3.2",
    "Repositories": [
      {
        "Name": "UMICH",
        "URL": "https://repo.miserver.it.umich.edu/cran"
      },
      {
        "Name": "CRAN",
        "URL": "https://cran.r-project.org"
      }
    ]
  },
  "Packages": {
    "R.matlab": {
      "Package": "R.matlab",
      "Version": "3.7.0",
      "Source": "Repository",
      "Repository": "CRAN",
      "Requirements": [
        "R",
        "R.methodsS3",
        "R.oo",
        "R.utils",
        "methods",
        "utils"
      ],
      "Hash": "e64c6e63521ce9407e8deacecab95b11"
    },
    "R.methodsS3": {
      "Package": "R.methodsS3",
      "Version": "1.8.2",
      "Source": "Repository",
      "Repository": "CRAN",
      "Requirements": [
        "R",
        "utils"
      ],
      "Hash": "278c286fd6e9e75d0c2e8f731ea445c8"
    },
    "R.oo": {
      "Package": "R.oo",
      "Version": "1.26.0",
      "Source": "Repository",
      "Repository": "CRAN",
      "Requirements": [
        "R",
        "R.methodsS3",
        "methods",
        "utils"
      ],
      "Hash": "4fed809e53ddb5407b3da3d0f572e591"
    },
    "R.utils": {
      "Package": "R.utils",
      "Version": "2.12.3",
      "Source": "Repository",
      "Repository": "CRAN",
      "Requirements": [
        "R",
        "R.methodsS3",
        "R.oo",
        "methods",
        "tools",
        "utils"
      ],
      "Hash": "3dc2829b790254bfba21e60965787651"
    },
    "renv": {
      "Package": "renv",
      "Version": "1.0.3",
      "Source": "Repository",
      "Repository": "CRAN",
      "Requirements": [
        "utils"
      ],
      "Hash": "41b847654f567341725473431dd0d5ab"
    }
  }
}
